
Microsoft Visual Studio Solution File, Format Version 12.00
# Visual Studio Version 16
VisualStudioVersion = 16.0.30503.244
MinimumVisualStudioVersion = 10.0.40219.1
Project("{FAE04EC0-301F-11D3-BF4B-00C04F79EFBC}") = "ConsoleApp2", "ConsoleApp2.csproj", "{970B0728-C8D0-4433-984F-1DF8707E5E45}"
EndProject
Global
	GlobalSection(SolutionConfigurationPlatforms) = preSolution
		Debug|Any CPU = Debug|Any CPU
		Release|Any CPU = Release|Any CPU
	EndGlobalSection
	GlobalSection(ProjectConfigurationPlatforms) = postSolution
		{970B0728-C8D0-4433-984F-1DF8707E5E45}.Debug|Any CPU.ActiveCfg = Debug|Any CPU
		{970B0728-C8D0-4433-984F-1DF8707E5E45}.Debug|Any CPU.Build.0 = Debug|Any CPU
		{970B0728-C8D0-4433-984F-1DF8707E5E45}.Release|Any CPU.ActiveCfg = Release|Any CPU
		{970B0728-C8D0-4433-984F-1DF8707E5E45}.Release|Any CPU.Build.0 = Release|Any CPU
	EndGlobalSection
	GlobalSection(SolutionProperties) = preSolution
		HideSolutionNode = FALSE
	EndGlobalSection
	GlobalSection(ExtensibilityGlobals) = postSolution
		SolutionGuid = {D85A7800-D03E-46A2-9196-5C592B8AD299}
	EndGlobalSection
EndGlobal
